
Microsoft Visual Studio Solution File, Format Version 12.00
# Visual Studio Version 17
VisualStudioVersion = 17.14.36623.8 d17.14
MinimumVisualStudioVersion = 10.0.40219.1
Project("{54A90642-561A-4BB1-A94E-469ADEE60C69}") = "ministeamui", "ministeamui.esproj", "{B01E231B-61BF-214E-ACBC-273CBDC3D925}"
EndProject
Global
	GlobalSection(SolutionConfigurationPlatforms) = preSolution
		Debug|Any CPU = Debug|Any CPU
		Release|Any CPU = Release|Any CPU
	EndGlobalSection
	GlobalSection(ProjectConfigurationPlatforms) = postSolution
		{B01E231B-61BF-214E-ACBC-273CBDC3D925}.Debug|Any CPU.ActiveCfg = Debug|Any CPU
		{B01E231B-61BF-214E-ACBC-273CBDC3D925}.Debug|Any CPU.Build.0 = Debug|Any CPU
		{B01E231B-61BF-214E-ACBC-273CBDC3D925}.Debug|Any CPU.Deploy.0 = Debug|Any CPU
		{B01E231B-61BF-214E-ACBC-273CBDC3D925}.Release|Any CPU.ActiveCfg = Release|Any CPU
		{B01E231B-61BF-214E-ACBC-273CBDC3D925}.Release|Any CPU.Build.0 = Release|Any CPU
		{B01E231B-61BF-214E-ACBC-273CBDC3D925}.Release|Any CPU.Deploy.0 = Release|Any CPU
	EndGlobalSection
	GlobalSection(SolutionProperties) = preSolution
		HideSolutionNode = FALSE
	EndGlobalSection
	GlobalSection(ExtensibilityGlobals) = postSolution
		SolutionGuid = {A04271D8-1F3D-40E8-B8D6-A0186D5ED003}
	EndGlobalSection
EndGlobal
